// !$*UTF8*$!
{
	archiveVersion = 1;
	classes = {
	};
	objectVersion = 50;
	objects = {

/* Begin PBXBuildFile section */
		18EF62E922F0833100A906FC /* AppDelegate.swift in Sources */ = {isa = PBXBuildFile; fileRef = 18EF62E822F0833100A906FC /* AppDelegate.swift */; };
		18EF62EE22F0833100A906FC /* Main.storyboard in Resources */ = {isa = PBXBuildFile; fileRef = 18EF62EC22F0833100A906FC /* Main.storyboard */; };
		18EF62F122F0833100A906FC /* cheapInstagram1.xcdatamodeld in Sources */ = {isa = PBXBuildFile; fileRef = 18EF62EF22F0833100A906FC /* cheapInstagram1.xcdatamodeld */; };
		18EF62F322F0833400A906FC /* Assets.xcassets in Resources */ = {isa = PBXBuildFile; fileRef = 18EF62F222F0833400A906FC /* Assets.xcassets */; };
		18EF62F622F0833400A906FC /* LaunchScreen.storyboard in Resources */ = {isa = PBXBuildFile; fileRef = 18EF62F422F0833400A906FC /* LaunchScreen.storyboard */; };
		18EF62FE22F08A2400A906FC /* newPhotoViewController.swift in Sources */ = {isa = PBXBuildFile; fileRef = 18EF62FD22F08A2400A906FC /* newPhotoViewController.swift */; };
/* End PBXBuildFile section */

/* Begin PBXFileReference section */
		18EF62E522F0833100A906FC /* cheapInstagram1.app */ = {isa = PBXFileReference; explicitFileType = wrapper.application; includeInIndex = 0; path = cheapInstagram1.app; sourceTree = BUILT_PRODUCTS_DIR; };
		18EF62E822F0833100A906FC /* AppDelegate.swift */ = {isa = PBXFileReference; lastKnownFileType = sourcecode.swift; path = AppDelegate.swift; sourceTree = "<group>"; };
		18EF62ED22F0833100A906FC /* Base */ = {isa = PBXFileReference; lastKnownFileType = file.storyboard; name = Base; path = Base.lproj/Main.storyboard; sourceTree = "<group>"; };
		18EF62F022F0833100A906FC /* cheapInstagram1.xcdatamodel */ = {isa = PBXFileReference; lastKnownFileType = wrapper.xcdatamodel; path = cheapInstagram1.xcdatamodel; sourceTree = "<group>"; };
		18EF62F222F0833400A906FC /* Assets.xcassets */ = {isa = PBXFileReference; lastKnownFileType = folder.assetcatalog; path = Assets.xcassets; sourceTree = "<group>"; };
		18EF62F522F0833400A906FC /* Base */ = {isa = PBXFileReference; lastKnownFileType = file.storyboard; name = Base; path = Base.lproj/LaunchScreen.storyboard; sourceTree = "<group>"; };
		18EF62F722F0833400A906FC /* Info.plist */ = {isa = PBXFileReference; lastKnownFileType = text.plist.xml; path = Info.plist; sourceTree = "<group>"; };
		18EF62FD22F08A2400A906FC /* newPhotoViewController.swift */ = {isa = PBXFileReference; lastKnownFileType = sourcecode.swift; path = newPhotoViewController.swift; sourceTree = "<group>"; };
/* End PBXFileReference section */

/* Begin PBXFrameworksBuildPhase section */
		18EF62E222F0833100A906FC /* Frameworks */ = {
			isa = PBXFrameworksBuildPhase;
			buildActionMask = 2147483647;
			files = (
			);
			runOnlyForDeploymentPostprocessing = 0;
		};
/* End PBXFrameworksBuildPhase section */

/* Begin PBXGroup section */
		18EF62DC22F0833100A906FC = {
			isa = PBXGroup;
			children = (
				18EF62E722F0833100A906FC /* cheapInstagram1 */,
				18EF62E622F0833100A906FC /* Products */,
			);
			sourceTree = "<group>";
		};
		18EF62E622F0833100A906FC /* Products */ = {
			isa = PBXGroup;
			children = (
				18EF62E522F0833100A906FC /* cheapInstagram1.app */,
			);
			name = Products;
			sourceTree = "<group>";
		};
		18EF62E722F0833100A906FC /* cheapInstagram1 */ = {
			isa = PBXGroup;
			children = (
				18EF62E822F0833100A906FC /* AppDelegate.swift */,
				18EF62EC22F0833100A906FC /* Main.storyboard */,
				18EF62FD22F08A2400A906FC /* newPhotoViewController.swift */,
				18EF62F222F0833400A906FC /* Assets.xcassets */,
				18EF62F422F0833400A906FC /* LaunchScreen.storyboard */,
				18EF62F722F0833400A906FC /* Info.plist */,
				18EF62EF22F0833100A906FC /* cheapInstagram1.xcdatamodeld */,
			);
			path = cheapInstagram1;
			sourceTree = "<group>";
		};
/* End PBXGroup section */

/* Begin PBXNativeTarget section */
		18EF62E422F0833100A906FC /* cheapInstagram1 */ = {
			isa = PBXNativeTarget;
			buildConfigurationList = 18EF62FA22F0833400A906FC /* Build configuration list for PBXNativeTarget "cheapInstagram1" */;
			buildPhases = (
				18EF62E122F0833100A906FC /* Sources */,
				18EF62E222F0833100A906FC /* Frameworks */,
				18EF62E322F0833100A906FC /* Resources */,
			);
			buildRules = (
			);
			dependencies = (
			);
			name = cheapInstagram1;
			productName = cheapInstagram1;
			productReference = 18EF62E522F0833100A906FC /* cheapInstagram1.app */;
			productType = "com.apple.product-type.application";
		};
/* End PBXNativeTarget section */

/* Begin PBXProject section */
		18EF62DD22F0833100A906FC /* Project object */ = {
			isa = PBXProject;
			attributes = {
				LastSwiftUpdateCheck = 1020;
				LastUpgradeCheck = 1020;
				ORGANIZATIONNAME = Apple;
				TargetAttributes = {
					18EF62E422F0833100A906FC = {
						CreatedOnToolsVersion = 10.2.1;
					};
				};
			};
			buildConfigurationList = 18EF62E022F0833100A906FC /* Build configuration list for PBXProject "cheapInstagram1" */;
			compatibilityVersion = "Xcode 9.3";
			developmentRegion = en;
			hasScannedForEncodings = 0;
			knownRegions = (
				en,
				Base,
			);
			mainGroup = 18EF62DC22F0833100A906FC;
			productRefGroup = 18EF62E622F0833100A906FC /* Products */;
			projectDirPath = "";
			projectRoot = "";
			targets = (
				18EF62E422F0833100A906FC /* cheapInstagram1 */,
			);
		};
/* End PBXProject section */

/* Begin PBXResourcesBuildPhase section */
		18EF62E322F0833100A906FC /* Resources */ = {
			isa = PBXResourcesBuildPhase;
			buildActionMask = 2147483647;
			files = (
				18EF62F622F0833400A906FC /* LaunchScreen.storyboard in Resources */,
				18EF62F322F0833400A906FC /* Assets.xcassets in Resources */,
				18EF62EE22F0833100A906FC /* Main.storyboard in Resources */,
			);
			runOnlyForDeploymentPostprocessing = 0;
		};
/* End PBXResourcesBuildPhase section */

/* Begin PBXSourcesBuildPhase section */
		18EF62E122F0833100A906FC /* Sources */ = {
			isa = PBXSourcesBuildPhase;
			buildActionMask = 2147483647;
			files = (
				18EF62E922F0833100A906FC /* AppDelegate.swift in Sources */,
				18EF62F122F0833100A906FC /* cheapInstagram1.xcdatamodeld in Sources */,
				18EF62FE22F08A2400A906FC /* newPhotoViewController.swift in Sources */,
			);
			runOnlyForDeploymentPostprocessing = 0;
		};
/* End PBXSourcesBuildPhase section */

/* Begin PBXVariantGroup section */
		18EF62EC22F0833100A906FC /* Main.storyboard */ = {
			isa = PBXVariantGroup;
			children = (
				18EF62ED22F0833100A906FC /* Base */,
			);
			name = Main.storyboard;
			sourceTree = "<group>";
		};
		18EF62F422F0833400A906FC /* LaunchScreen.storyboard */ = {
			isa = PBXVariantGroup;
			children = (
				18EF62F522F0833400A906FC /* Base */,
			);
			name = LaunchScreen.storyboard;
			sourceTree = "<group>";
		};
/* End PBXVariantGroup section */

/* Begin XCBuildConfiguration section */
		18EF62F822F0833400A906FC /* Debug */ = {
			isa = XCBuildConfiguration;
			buildSettings = {
				ALWAYS_SEARCH_USER_PATHS = NO;
				CLANG_ANALYZER_NONNULL = YES;
				CLANG_ANALYZER_NUMBER_OBJECT_CONVERSION = YES_AGGRESSIVE;
				CLANG_CXX_LANGUAGE_STANDARD = "gnu++14";
				CLANG_CXX_LIBRARY = "libc++";
				CLANG_ENABLE_MODULES = YES;
				CLANG_ENABLE_OBJC_ARC = YES;
				CLANG_ENABLE_OBJC_WEAK = YES;
				CLANG_WARN_BLOCK_CAPTURE_AUTORELEASING = YES;
				CLANG_WARN_BOOL_CONVERSION = YES;
				CLANG_WARN_COMMA = YES;
				CLANG_WARN_CONSTANT_CONVERSION = YES;
				CLANG_WARN_DEPRECATED_OBJC_IMPLEMENTATIONS = YES;
				CLANG_WARN_DIRECT_OBJC_ISA_USAGE = YES_ERROR;
				CLANG_WARN_DOCUMENTATION_COMMENTS = YES;
				CLANG_WARN_EMPTY_BODY = YES;
				CLANG_WARN_ENUM_CONVERSION = YES;
				CLANG_WARN_INFINITE_RECURSION = YES;
				CLANG_WARN_INT_CONVERSION = YES;
				CLANG_WARN_NON_LITERAL_NULL_CONVERSION = YES;
				CLANG_WARN_OBJC_IMPLICIT_RETAIN_SELF = YES;
				CLANG_WARN_OBJC_LITERAL_CONVERSION = YES;
				CLANG_WARN_OBJC_ROOT_CLASS = YES_ERROR;
				CLANG_WARN_RANGE_LOOP_ANALYSIS = YES;
				CLANG_WARN_STRICT_PROTOTYPES = YES;
				CLANG_WARN_SUSPICIOUS_MOVE = YES;
				CLANG_WARN_UNGUARDED_AVAILABILITY = YES_AGGRESSIVE;
				CLANG_WARN_UNREACHABLE_CODE = YES;
				CLANG_WARN__DUPLICATE_METHOD_MATCH = YES;
				CODE_SIGN_IDENTITY = "iPhone Developer";
				COPY_PHASE_STRIP = NO;
				DEBUG_INFORMATION_FORMAT = dwarf;
				ENABLE_STRICT_OBJC_MSGSEND = YES;
				ENABLE_TESTABILITY = YES;
				GCC_C_LANGUAGE_STANDARD = gnu11;
				GCC_DYNAMIC_NO_PIC = NO;
				GCC_NO_COMMON_BLOCKS = YES;
				GCC_OPTIMIZATION_LEVEL = 0;
				GCC_PREPROCESSOR_DEFINITIONS = (
					"DEBUG=1",
					"$(inherited)",
				);
				GCC_WARN_64_TO_32_BIT_CONVERSION = YES;
				GCC_WARN_ABOUT_RETURN_TYPE = YES_ERROR;
				GCC_WARN_UNDECLARED_SELECTOR = YES;
				GCC_WARN_UNINITIALIZED_AUTOS = YES_AGGRESSIVE;
				GCC_WARN_UNUSED_FUNCTION = YES;
				GCC_WARN_UNUSED_VARIABLE = YES;
				IPHONEOS_DEPLOYMENT_TARGET = 12.2;
				MTL_ENABLE_DEBUG_INFO = INCLUDE_SOURCE;
				MTL_FAST_MATH = YES;
				ONLY_ACTIVE_ARCH = YES;
				SDKROOT = iphoneos;
				SWIFT_ACTIVE_COMPILATION_CONDITIONS = DEBUG;
				SWIFT_OPTIMIZATION_LEVEL = "-Onone";
			};
			name = Debug;
		};
		18EF62F922F0833400A906FC /* Release */ = {
			isa = XCBuildConfiguration;
			buildSettings = {
				ALWAYS_SEARCH_USER_PATHS = NO;
				CLANG_ANALYZER_NONNULL = YES;
				CLANG_ANALYZER_NUMBER_OBJECT_CONVERSION = YES_AGGRESSIVE;
				CLANG_CXX_LANGUAGE_STANDARD = "gnu++14";
				CLANG_CXX_LIBRARY = "libc++";
				CLANG_ENABLE_MODULES = YES;
				CLANG_ENABLE_OBJC_ARC = YES;
				CLANG_ENABLE_OBJC_WEAK = YES;
				CLANG_WARN_BLOCK_CAPTURE_AUTORELEASING = YES;
				CLANG_WARN_BOOL_CONVERSION = YES;
				CLANG_WARN_COMMA = YES;
				CLANG_WARN_CONSTANT_CONVERSION = YES;
				CLANG_WARN_DEPRECATED_OBJC_IMPLEMENTATIONS = YES;
				CLANG_WARN_DIRECT_OBJC_ISA_USAGE = YES_ERROR;
				CLANG_WARN_DOCUMENTATION_COMMENTS = YES;
				CLANG_WARN_EMPTY_BODY = YES;
				CLANG_WARN_ENUM_CONVERSION = YES;
				CLANG_WARN_INFINITE_RECURSION = YES;
				CLANG_WARN_INT_CONVERSION = YES;
				CLANG_WARN_NON_LITERAL_NULL_CONVERSION = YES;
				CLANG_WARN_OBJC_IMPLICIT_RETAIN_SELF = YES;
				CLANG_WARN_OBJC_LITERAL_CONVERSION = YES;
				CLANG_WARN_OBJC_ROOT_CLASS = YES_ERROR;
				CLANG_WARN_RANGE_LOOP_ANALYSIS = YES;
				CLANG_WARN_STRICT_PROTOTYPES = YES;
				CLANG_WARN_SUSPICIOUS_MOVE = YES;
				CLANG_WARN_UNGUARDED_AVAILABILITY = YES_AGGRESSIVE;
				CLANG_WARN_UNREACHABLE_CODE = YES;
				CLANG_WARN__DUPLICATE_METHOD_MATCH = YES;
				CODE_SIGN_IDENTITY = "iPhone Developer";
				COPY_PHASE_STRIP = NO;
				DEBUG_INFORMATION_FORMAT = "dwarf-with-dsym";
				ENABLE_NS_ASSERTIONS = NO;
				ENABLE_STRICT_OBJC_MSGSEND = YES;
				GCC_C_LANGUAGE_STANDARD = gnu11;
				GCC_NO_COMMON_BLOCKS = YES;
				GCC_WARN_64_TO_32_BIT_CONVERSION = YES;
				GCC_WARN_ABOUT_RETURN_TYPE = YES_ERROR;
				GCC_WARN_UNDECLARED_SELECTOR = YES;
				GCC_WARN_UNINITIALIZED_AUTOS = YES_AGGRESSIVE;
				GCC_WARN_UNUSED_FUNCTION = YES;
				GCC_WARN_UNUSED_VARIABLE = YES;
				IPHONEOS_DEPLOYMENT_TARGET = 12.2;
				MTL_ENABLE_DEBUG_INFO = NO;
				MTL_FAST_MATH = YES;
				SDKROOT = iphoneos;
				SWIFT_COMPILATION_MODE = wholemodule;
				SWIFT_OPTIMIZATION_LEVEL = "-O";
				VALIDATE_PRODUCT = YES;
			};
			name = Release;
		};
		18EF62FB22F0833400A906FC /* Debug */ = {
			isa = XCBuildConfiguration;
			buildSettings = {
				ASSETCATALOG_COMPILER_APPICON_NAME = AppIcon;
				CODE_SIGN_STYLE = Automatic;
				INFOPLIST_FILE = cheapInstagram1/Info.plist;
				LD_RUNPATH_SEARCH_PATHS = (
					"$(inherited)",
					"@executable_path/Frameworks",
				);
				PRODUCT_BUNDLE_IDENTIFIER = KWK.cheapInstagram1;
				PRODUCT_NAME = "$(TARGET_NAME)";
				SWIFT_VERSION = 5.0;
				TARGETED_DEVICE_FAMILY = "1,2";
			};
			name = Debug;
		};
		18EF62FC22F0833400A906FC /* Release */ = {
			isa = XCBuildConfiguration;
			buildSettings = {
				ASSETCATALOG_COMPILER_APPICON_NAME = AppIcon;
				CODE_SIGN_STYLE = Automatic;
				INFOPLIST_FILE = cheapInstagram1/Info.plist;
				LD_RUNPATH_SEARCH_PATHS = (
					"$(inherited)",
					"@executable_path/Frameworks",
				);
				PRODUCT_BUNDLE_IDENTIFIER = KWK.cheapInstagram1;
				PRODUCT_NAME = "$(TARGET_NAME)";
				SWIFT_VERSION = 5.0;
				TARGETED_DEVICE_FAMILY = "1,2";
			};
			name = Release;
		};
/* End XCBuildConfiguration section */

/* Begin XCConfigurationList section */
		18EF62E022F0833100A906FC /* Build configuration list for PBXProject "cheapInstagram1" */ = {
			isa = XCConfigurationList;
			buildConfigurations = (
				18EF62F822F0833400A906FC /* Debug */,
				18EF62F922F0833400A906FC /* Release */,
			);
			defaultConfigurationIsVisible = 0;
			defaultConfigurationName = Release;
		};
		18EF62FA22F0833400A906FC /* Build configuration list for PBXNativeTarget "cheapInstagram1" */ = {
			isa = XCConfigurationList;
			buildConfigurations = (
				18EF62FB22F0833400A906FC /* Debug */,
				18EF62FC22F0833400A906FC /* Release */,
			);
			defaultConfigurationIsVisible = 0;
			defaultConfigurationName = Release;
		};
/* End XCConfigurationList section */

/* Begin XCVersionGroup section */
		18EF62EF22F0833100A906FC /* cheapInstagram1.xcdatamodeld */ = {
			isa = XCVersionGroup;
			children = (
				18EF62F022F0833100A906FC /* cheapInstagram1.xcdatamodel */,
			);
			currentVersion = 18EF62F022F0833100A906FC /* cheapInstagram1.xcdatamodel */;
			path = cheapInstagram1.xcdatamodeld;
			sourceTree = "<group>";
			versionGroupType = wrapper.xcdatamodel;
		};
/* End XCVersionGroup section */
	};
	rootObject = 18EF62DD22F0833100A906FC /* Project object */;
}
